
Microsoft Visual Studio Solution File, Format Version 12.00
# Visual Studio Version 17
VisualStudioVersion = 17.10.35013.160
MinimumVisualStudioVersion = 10.0.40219.1
Project("{9A19103F-16F7-4668-BE54-9A1E7A4F7556}") = "Ueb11a_Strassenverkehrsamt", "Ueb11a_Strassenverkehrsamt\Ueb11a_Strassenverkehrsamt.csproj", "{AA281EDF-F47C-47C8-9560-5CDC3C6A5E0C}"
EndProject
Project("{FAE04EC0-301F-11D3-BF4B-00C04F79EFBC}") = "Ueb11a_StrassenverkehrsamtTest", "Ueb11a_StrassenverkehrsamtTest\Ueb11a_StrassenverkehrsamtTest.csproj", "{296AF784-D26D-4585-AB27-946BC7ADC714}"
EndProject
Global
	GlobalSection(SolutionConfigurationPlatforms) = preSolution
		Debug|Any CPU = Debug|Any CPU
		Release|Any CPU = Release|Any CPU
	EndGlobalSection
	GlobalSection(ProjectConfigurationPlatforms) = postSolution
		{AA281EDF-F47C-47C8-9560-5CDC3C6A5E0C}.Debug|Any CPU.ActiveCfg = Debug|Any CPU
		{AA281EDF-F47C-47C8-9560-5CDC3C6A5E0C}.Debug|Any CPU.Build.0 = Debug|Any CPU
		{AA281EDF-F47C-47C8-9560-5CDC3C6A5E0C}.Release|Any CPU.ActiveCfg = Release|Any CPU
		{AA281EDF-F47C-47C8-9560-5CDC3C6A5E0C}.Release|Any CPU.Build.0 = Release|Any CPU
		{296AF784-D26D-4585-AB27-946BC7ADC714}.Debug|Any CPU.ActiveCfg = Debug|Any CPU
		{296AF784-D26D-4585-AB27-946BC7ADC714}.Debug|Any CPU.Build.0 = Debug|Any CPU
		{296AF784-D26D-4585-AB27-946BC7ADC714}.Release|Any CPU.ActiveCfg = Release|Any CPU
		{296AF784-D26D-4585-AB27-946BC7ADC714}.Release|Any CPU.Build.0 = Release|Any CPU
	EndGlobalSection
	GlobalSection(SolutionProperties) = preSolution
		HideSolutionNode = FALSE
	EndGlobalSection
	GlobalSection(ExtensibilityGlobals) = postSolution
		SolutionGuid = {0D7DAFB3-7AEC-4443-BA95-9E710E08B88E}
	EndGlobalSection
EndGlobal
